# THIS IS AN AUTOGENERATED FILE. DO NOT EDIT THIS FILE DIRECTLY.
# yarn lockfile v1


x2js@^3.1.0:
  version "3.1.0"
  resolved "https://registry.yarnpkg.com/x2js/-/x2js-3.1.0.tgz#469ea2fa6ec5242409946c3e3832a3fec09b0c26"
  dependencies:
    xmldom "^0.1.19"

xmldom@^0.1.19:
  version "0.1.27"
  resolved "https://registry.yarnpkg.com/xmldom/-/xmldom-0.1.27.tgz#d501f97b3bdb403af8ef9ecc20573187aadac0e9"
